version = 1
revision = 3
requires-python = ">=3.11"

[[package]]
name = "aiolimiter"
version = "1.2.1"
source = { registry = "https://pypi.org/simple" }
sdist = { url = "https://files.pythonhosted.org/packages/f1/23/b52debf471f7a1e42e362d959a3982bdcb4fe13a5d46e63d28868807a79c/aiolimiter-1.2.1.tar.gz", hash = "sha256:e02a37ea1a855d9e832252a105420ad4d15011505512a1a1d814647451b5cca9", size = 7185, upload-time = "2024-12-08T15:31:51.496Z" }
wheels = [
    { url = "https://files.pythonhosted.org/packages/f3/ba/df6e8e1045aebc4778d19b8a3a9bc1808adb1619ba94ca354d9ba17d86c3/aiolimiter-1.2.1-py3-none-any.whl", hash = "sha256:d3f249e9059a20badcb56b61601a83556133655c11d1eb3dd3e04ff069e5f3c7", size = 6711, upload-time = "2024-12-08T15:31:49.874Z" },
]

[[package]]
name = "anyio"
version = "4.14.2"
source = { registry = "https://pypi.org/simple" }
dependencies = [
    { name = "idna" },
    { name = "typing-extensions", marker = "python_full_version < '3.13'" },
]
sdist = { url = "https://files.pythonhosted.org/packages/61/cc/a381afa6efea9f496eff839d4a6a1aed3bfafc7b3ab4b0d1b243a12573dd/anyio-4.14.2.tar.gz", hash = "sha256:cfa139f3ed1a23ee8f88a145ddb5ac7605b8bbfd8592baacd7ce3d8bb4313c7f", size = 260176, upload-time = "2026-07-12T20:29:07.082Z" }
wheels = [
    { url = "https://files.pythonhosted.org/packages/da/35/f2287558c17e29fafc8ef3daf819bb9834061cfa43bff8014f7df7f63bdc/anyio-4.14.2-py3-none-any.whl", hash = "sha256:9f505dda5ac9f0c8309b5e8bd445a8c2bf7246f3ce950121e45ea15bc41d1494", size = 125813, upload-time = "2026-07-12T20:29:05.763Z" },
]

[[package]]
name = "certifi"
version = "2026.7.22"
source = { registry = "https://pypi.org/simple" }
sdist = { url = "https://files.pythonhosted.org/packages/a3/c2/24167ea9858356b47a87a50d39908bfdb72ceeefe0041586e704e5376b3a/certifi-2026.7.22.tar.gz", hash = "sha256:741e2c3b351ddf169a738da9f2c048608ff7f2c5cc02f1ebc6b118bb090d5d55", size = 138112, upload-time = "2026-07-22T03:35:12.644Z" }
wheels = [
    { url = "https://files.pythonhosted.org/packages/0b/a7/71ac2cff56fec219ed242bb11b8efb69fcc4bec75db06fb7bfe35de520e6/certifi-2026.7.22-py3-none-any.whl", hash = "sha256:62f22742b58a1a33014a2b6b706588a8d7e2a88ae7bd1a6ebe8c992928483775", size = 136983, upload-time = "2026-07-22T03:35:11.276Z" },
]

[[package]]
name = "cursor-sdk"
version = "1.0.24"
source = { registry = "https://pypi.org/simple" }
dependencies = [
    { name = "httpx" },
]
sdist = { url = "https://files.pythonhosted.org/packages/de/8b/21302d7860f5e54800ad3cd064f7b7a5936f61748094169d2586bb7d9496/cursor_sdk-1.0.24.tar.gz", hash = "sha256:5ed3d95adfdb68365ee2cec3ac242d80441eb84b6f4a7f1d3b358a6adbf91004", size = 1176, upload-time = "2026-07-20T17:29:00.002Z" }
wheels = [
    { url = "https://files.pythonhosted.org/packages/c4/29/a5e6f9a0409fba86cdd066f27de135c27b59a67638452f7eeb50b7bfbc98/cursor_sdk-1.0.24-py3-none-macosx_11_0_arm64.whl", hash = "sha256:519ecf37fd346d95cfae364bbe0018201953c2830a5e768bb0dadb92c25cf8a3", size = 47527052, upload-time = "2026-07-20T17:28:45.807Z" },
    { url = "https://files.pythonhosted.org/packages/80/c1/ca78e04ac54ef4316bfa4a591814ffc82296f6308ca1dd570f32bd5e0af3/cursor_sdk-1.0.24-py3-none-macosx_11_0_x86_64.whl", hash = "sha256:74f25d80d12ed2b72a2a089f9a92f7a052e17008b46d899e52fa234a874b1c31", size = 49024524, upload-time = "2026-07-20T17:28:48.695Z" },
    { url = "https://files.pythonhosted.org/packages/b1/51/f22562c84c64cd74714a052b45b4af5c2f6122265006ec63931b8d5571ff/cursor_sdk-1.0.24-py3-none-manylinux2014_aarch64.manylinux_2_17_aarch64.whl", hash = "sha256:8b75ccbb47445da7b13df706f219a724c09416a52006017d9c6bc16d27e791ad", size = 56091376, upload-time = "2026-07-20T17:28:51.42Z" },
    { url = "https://files.pythonhosted.org/packages/3b/e0/b85e01a7672f71ac9c5481ea2d4441e122bab0f63df74a19015567263c43/cursor_sdk-1.0.24-py3-none-manylinux2014_x86_64.manylinux_2_17_x86_64.whl", hash = "sha256:c9d8c7af5d9cb86ec1b009deebe9b90dd01823f768a3a3a38329a8e7a92f5751", size = 56757965, upload-time = "2026-07-20T17:28:54.145Z" },
    { url = "https://files.pythonhosted.org/packages/ea/f1/ae42d76734b13f4dbb483a22164f52f98d899bafda72111efdc9c5ea3e8f/cursor_sdk-1.0.24-py3-none-win_amd64.whl", hash = "sha256:f680de0a68e2100ad353feed4fae989fb7e060dc72f0fa970da27ae3a025a847", size = 43545974, upload-time = "2026-07-20T17:28:56.822Z" },
]

[[package]]
name = "cursor-telegram-bridge"
source = { editable = "." }
dependencies = [
    { name = "cursor-sdk" },
    { name = "python-dotenv" },
    { name = "python-telegram-bot", extra = ["rate-limiter"] },
]

[package.metadata]
requires-dist = [
    { name = "cursor-sdk", specifier = ">=0.1.6" },
    { name = "python-dotenv", specifier = ">=1.0" },
    { name = "python-telegram-bot", extras = ["rate-limiter"], specifier = ">=21,<22" },
    { name = "tomli", marker = "python_full_version < '3.11'", specifier = ">=2.0" },
]

[[package]]
name = "h11"
version = "0.16.0"
source = { registry = "https://pypi.org/simple" }
sdist = { url = "https://files.pythonhosted.org/packages/01/ee/02a2c011bdab74c6fb3c75474d40b3052059d95df7e73351460c8588d963/h11-0.16.0.tar.gz", hash = "sha256:4e35b956cf45792e4caa5885e69fba00bdbc6ffafbfa020300e549b208ee5ff1", size = 101250, upload-time = "2025-04-24T03:35:25.427Z" }
wheels = [
    { url = "https://files.pythonhosted.org/packages/04/4b/29cac41a4d98d144bf5f6d33995617b185d14b22401f75ca86f384e87ff1/h11-0.16.0-py3-none-any.whl", hash = "sha256:63cf8bbe7522de3bf65932fda1d9c2772064ffb3dae62d55932da54b31cb6c86", size = 37515, upload-time = "2025-04-24T03:35:24.344Z" },
]

[[package]]
name = "httpcore"
version = "1.0.9"
source = { registry = "https://pypi.org/simple" }
dependencies = [
    { name = "certifi" },
    { name = "h11" },
]
sdist = { url = "https://files.pythonhosted.org/packages/06/94/82699a10bca87a5556c9c59b5963f2d039dbd239f25bc2a63907a05a14cb/httpcore-1.0.9.tar.gz", hash = "sha256:6e34463af53fd2ab5d807f399a9b45ea31c3dfa2276f15a2c3f00afff6e176e8", size = 85484, upload-time = "2025-04-24T22:06:22.219Z" }
wheels = [
    { url = "https://files.pythonhosted.org/packages/7e/f5/f66802a942d491edb555dd61e3a9961140fd64c90bce1eafd741609d334d/httpcore-1.0.9-py3-none-any.whl", hash = "sha256:2d400746a40668fc9dec9810239072b40b4484b640a8c38fd654a024c7a1bf55", size = 78784, upload-time = "2025-04-24T22:06:20.566Z" },
]

[[package]]
name = "httpx"
version = "0.28.1"
source = { registry = "https://pypi.org/simple" }
dependencies = [
    { name = "anyio" },
    { name = "certifi" },
    { name = "httpcore" },
    { name = "idna" },
]
sdist = { url = "https://files.pythonhosted.org/packages/b1/df/48c586a5fe32a0f01324ee087459e112ebb7224f646c0b5023f5e79e9956/httpx-0.28.1.tar.gz", hash = "sha256:75e98c5f16b0f35b567856f597f06ff2270a374470a5c2392242528e3e3e42fc", size = 141406, upload-time = "2024-12-06T15:37:23.222Z" }
wheels = [
    { url = "https://files.pythonhosted.org/packages/2a/39/e50c7c3a983047577ee07d2a9e53faf5a69493943ec3f6a384bdc792deb2/httpx-0.28.1-py3-none-any.whl", hash = "sha256:d909fcccc110f8c7faf814ca82a9a4d816bc5a6dbfea25d6591d6985b8ba59ad", size = 73517, upload-time = "2024-12-06T15:37:21.509Z" },
]

[[package]]
name = "idna"
version = "3.18"
source = { registry = "https://pypi.org/simple" }
sdist = { url = "https://files.pythonhosted.org/packages/cd/63/9496c57188a2ee585e0f1db071d75089a11e98aa86eb99d9d7618fc1edce/idna-3.18.tar.gz", hash = "sha256:ffb385a7e039654cef1ab9ef32c6fafe283c0c0467bba1d9029738ce4a14a848", size = 196711, upload-time = "2026-06-02T14:34:07.794Z" }
wheels = [
    { url = "https://files.pythonhosted.org/packages/1e/5e/d4e9f1a599fb8e573b7b87160658329fbf28d19eac2718f51fc3def3aa5a/idna-3.18-py3-none-any.whl", hash = "sha256:7f952cbe720b688055e3f87de14f5c3e5fdaa8bc3928985c4077ca689de849a2", size = 65455, upload-time = "2026-06-02T14:34:06.319Z" },
]

[[package]]
name = "python-dotenv"
version = "1.2.2"
source = { registry = "https://pypi.org/simple" }
sdist = { url = "https://files.pythonhosted.org/packages/82/ed/0301aeeac3e5353ef3d94b6ec08bbcabd04a72018415dcb29e588514bba8/python_dotenv-1.2.2.tar.gz", hash = "sha256:2c371a91fbd7ba082c2c1dc1f8bf89ca22564a087c2c287cd9b662adde799cf3", size = 50135, upload-time = "2026-03-01T16:00:26.196Z" }
wheels = [
    { url = "https://files.pythonhosted.org/packages/0b/d7/1959b9648791274998a9c3526f6d0ec8fd2233e4d4acce81bbae76b44b2a/python_dotenv-1.2.2-py3-none-any.whl", hash = "sha256:1d8214789a24de455a8b8bd8ae6fe3c6b69a5e3d64aa8a8e5d68e694bbcb285a", size = 22101, upload-time = "2026-03-01T16:00:25.09Z" },
]

[[package]]
name = "python-telegram-bot"
version = "21.11.1"
source = { registry = "https://pypi.org/simple" }
dependencies = [
    { name = "httpx" },
]
sdist = { url = "https://files.pythonhosted.org/packages/4c/74/3ebdc3ee2c323b4577fcc57542f71aa064ac9dac154af0c2f5805e1b9fbd/python_telegram_bot-21.11.1.tar.gz", hash = "sha256:2abda5202f27a838f35e8140e5292af0f4f8fad6c2e5123b2defadd5f4e8ca02", size = 442624, upload-time = "2025-03-01T11:46:54.735Z" }
wheels = [
    { url = "https://files.pythonhosted.org/packages/27/3b/8f6372e580ba4514335873f64924eb80b80c3d3f8359c2bb2e07bb6d01b9/python_telegram_bot-21.11.1-py3-none-any.whl", hash = "sha256:17f933a7a0569f519d9b672e06d71c29ab3688f1ec575ba59a3ca37922481113", size = 676058, upload-time = "2025-03-01T11:46:52.001Z" },
]

[package.optional-dependencies]
rate-limiter = [
    { name = "aiolimiter" },
]

[[package]]
name = "typing-extensions"
version = "4.16.0"
source = { registry = "https://pypi.org/simple" }
sdist = { url = "https://files.pythonhosted.org/packages/f6/cc/6253133b5bb138fc3306cebfbda2c520f545d36b5be2c7255cc528bb45d6/typing_extensions-4.16.0.tar.gz", hash = "sha256:dc983d19a509c94dba722ee6abd33940f7c05a89e243c47e907eb4db6f1a43e5", size = 113555, upload-time = "2026-07-02T08:40:05.92Z" }
wheels = [
    { url = "https://files.pythonhosted.org/packages/49/d3/b8441a820a491ddfc024b0b0cf0393375b75ea13866d9c66727e54c2fc80/typing_extensions-4.16.0-py3-none-any.whl", hash = "sha256:481caa481374e813c1b176ada14e97f1f67a4539ce9cfeb3f350d78d6370c2e8", size = 45571, upload-time = "2026-07-02T08:40:04.659Z" },
]
